
Microsoft Visual Studio Solution File, Format Version 12.00
# Visual Studio 15
Project("{FAE04EC0-301F-11D3-BF4B-00C04F79EFBC}") = "CW1", "CW1\CW1.csproj", "{BE242F3A-B1BD-4CE2-802C-E9019126B700}"
EndProject
Global
	GlobalSection(SolutionConfigurationPlatforms) = preSolution
		Debug|x86 = Debug|x86
		Release|x86 = Release|x86
	EndGlobalSection
	GlobalSection(ProjectConfigurationPlatforms) = postSolution
		{BE242F3A-B1BD-4CE2-802C-E9019126B700}.Debug|x86.ActiveCfg = Debug|x86
		{BE242F3A-B1BD-4CE2-802C-E9019126B700}.Debug|x86.Build.0 = Debug|x86
		{BE242F3A-B1BD-4CE2-802C-E9019126B700}.Release|x86.ActiveCfg = Release|x86
		{BE242F3A-B1BD-4CE2-802C-E9019126B700}.Release|x86.Build.0 = Release|x86
	EndGlobalSection
EndGlobal
