
Microsoft Visual Studio Solution File, Format Version 12.00
# Visual Studio 15
Project("{FAE04EC0-301F-11D3-BF4B-00C04F79EFBC}") = "HW3", "HW3\HW3.csproj", "{BC368112-1E16-42A1-8C47-39F516B344A8}"
EndProject
Global
	GlobalSection(SolutionConfigurationPlatforms) = preSolution
		Debug|x86 = Debug|x86
		Release|x86 = Release|x86
	EndGlobalSection
	GlobalSection(ProjectConfigurationPlatforms) = postSolution
		{BC368112-1E16-42A1-8C47-39F516B344A8}.Debug|x86.ActiveCfg = Debug|x86
		{BC368112-1E16-42A1-8C47-39F516B344A8}.Debug|x86.Build.0 = Debug|x86
		{BC368112-1E16-42A1-8C47-39F516B344A8}.Release|x86.ActiveCfg = Release|x86
		{BC368112-1E16-42A1-8C47-39F516B344A8}.Release|x86.Build.0 = Release|x86
	EndGlobalSection
EndGlobal
