
Microsoft Visual Studio Solution File, Format Version 12.00
# Visual Studio 15
Project("{FAE04EC0-301F-11D3-BF4B-00C04F79EFBC}") = "Operation2", "Operation2\Operation2.csproj", "{9685DC23-698A-4367-AE07-2213CA0C15DF}"
EndProject
Global
	GlobalSection(SolutionConfigurationPlatforms) = preSolution
		Debug|x86 = Debug|x86
		Release|x86 = Release|x86
	EndGlobalSection
	GlobalSection(ProjectConfigurationPlatforms) = postSolution
		{9685DC23-698A-4367-AE07-2213CA0C15DF}.Debug|x86.ActiveCfg = Debug|x86
		{9685DC23-698A-4367-AE07-2213CA0C15DF}.Debug|x86.Build.0 = Debug|x86
		{9685DC23-698A-4367-AE07-2213CA0C15DF}.Release|x86.ActiveCfg = Release|x86
		{9685DC23-698A-4367-AE07-2213CA0C15DF}.Release|x86.Build.0 = Release|x86
	EndGlobalSection
EndGlobal
