
Microsoft Visual Studio Solution File, Format Version 12.00
# Visual Studio 15
Project("{FAE04EC0-301F-11D3-BF4B-00C04F79EFBC}") = "HW2-2", "HW2-2\HW2-2.csproj", "{217589EE-A6D4-4EDC-AA62-9CD69902CAC9}"
EndProject
Global
	GlobalSection(SolutionConfigurationPlatforms) = preSolution
		Debug|x86 = Debug|x86
		Release|x86 = Release|x86
	EndGlobalSection
	GlobalSection(ProjectConfigurationPlatforms) = postSolution
		{217589EE-A6D4-4EDC-AA62-9CD69902CAC9}.Debug|x86.ActiveCfg = Debug|x86
		{217589EE-A6D4-4EDC-AA62-9CD69902CAC9}.Debug|x86.Build.0 = Debug|x86
		{217589EE-A6D4-4EDC-AA62-9CD69902CAC9}.Release|x86.ActiveCfg = Release|x86
		{217589EE-A6D4-4EDC-AA62-9CD69902CAC9}.Release|x86.Build.0 = Release|x86
	EndGlobalSection
EndGlobal
