
Microsoft Visual Studio Solution File, Format Version 12.00
# Visual Studio 15
Project("{FAE04EC0-301F-11D3-BF4B-00C04F79EFBC}") = "HW5", "HW5\HW5.csproj", "{C74F5E03-98B2-41D5-BF7D-ACF863BA9A46}"
EndProject
Global
	GlobalSection(SolutionConfigurationPlatforms) = preSolution
		Debug|x86 = Debug|x86
		Release|x86 = Release|x86
	EndGlobalSection
	GlobalSection(ProjectConfigurationPlatforms) = postSolution
		{C74F5E03-98B2-41D5-BF7D-ACF863BA9A46}.Debug|x86.ActiveCfg = Debug|x86
		{C74F5E03-98B2-41D5-BF7D-ACF863BA9A46}.Debug|x86.Build.0 = Debug|x86
		{C74F5E03-98B2-41D5-BF7D-ACF863BA9A46}.Release|x86.ActiveCfg = Release|x86
		{C74F5E03-98B2-41D5-BF7D-ACF863BA9A46}.Release|x86.Build.0 = Release|x86
	EndGlobalSection
EndGlobal
