
Microsoft Visual Studio Solution File, Format Version 12.00
# Visual Studio 15
Project("{FAE04EC0-301F-11D3-BF4B-00C04F79EFBC}") = "HW1-6", "HW1-6\HW1-6.csproj", "{B5D92A37-C26D-41E3-A467-F353A15A0EA5}"
EndProject
Global
	GlobalSection(SolutionConfigurationPlatforms) = preSolution
		Debug|x86 = Debug|x86
		Release|x86 = Release|x86
	EndGlobalSection
	GlobalSection(ProjectConfigurationPlatforms) = postSolution
		{B5D92A37-C26D-41E3-A467-F353A15A0EA5}.Debug|x86.ActiveCfg = Debug|x86
		{B5D92A37-C26D-41E3-A467-F353A15A0EA5}.Debug|x86.Build.0 = Debug|x86
		{B5D92A37-C26D-41E3-A467-F353A15A0EA5}.Release|x86.ActiveCfg = Release|x86
		{B5D92A37-C26D-41E3-A467-F353A15A0EA5}.Release|x86.Build.0 = Release|x86
	EndGlobalSection
EndGlobal
