
Microsoft Visual Studio Solution File, Format Version 12.00
# Visual Studio 15
Project("{FAE04EC0-301F-11D3-BF4B-00C04F79EFBC}") = "CW22", "CW22\CW22.csproj", "{E419F9CF-0CDC-4CCA-896A-D521E0E4931C}"
EndProject
Global
	GlobalSection(SolutionConfigurationPlatforms) = preSolution
		Debug|x86 = Debug|x86
		Release|x86 = Release|x86
	EndGlobalSection
	GlobalSection(ProjectConfigurationPlatforms) = postSolution
		{E419F9CF-0CDC-4CCA-896A-D521E0E4931C}.Debug|x86.ActiveCfg = Debug|x86
		{E419F9CF-0CDC-4CCA-896A-D521E0E4931C}.Debug|x86.Build.0 = Debug|x86
		{E419F9CF-0CDC-4CCA-896A-D521E0E4931C}.Release|x86.ActiveCfg = Release|x86
		{E419F9CF-0CDC-4CCA-896A-D521E0E4931C}.Release|x86.Build.0 = Release|x86
	EndGlobalSection
EndGlobal
