
Microsoft Visual Studio Solution File, Format Version 12.00
# Visual Studio 15
Project("{FAE04EC0-301F-11D3-BF4B-00C04F79EFBC}") = "HW1-9", "HW1-9\HW1-9.csproj", "{756E0BF9-DC2C-4CB2-B1F2-D24442D7450A}"
EndProject
Global
	GlobalSection(SolutionConfigurationPlatforms) = preSolution
		Debug|x86 = Debug|x86
		Release|x86 = Release|x86
	EndGlobalSection
	GlobalSection(ProjectConfigurationPlatforms) = postSolution
		{756E0BF9-DC2C-4CB2-B1F2-D24442D7450A}.Debug|x86.ActiveCfg = Debug|x86
		{756E0BF9-DC2C-4CB2-B1F2-D24442D7450A}.Debug|x86.Build.0 = Debug|x86
		{756E0BF9-DC2C-4CB2-B1F2-D24442D7450A}.Release|x86.ActiveCfg = Release|x86
		{756E0BF9-DC2C-4CB2-B1F2-D24442D7450A}.Release|x86.Build.0 = Release|x86
	EndGlobalSection
EndGlobal
